
Microsoft Visual Studio Solution File, Format Version 12.00
# Visual Studio Version 17
VisualStudioVersion = 17.14.36310.24 d17.14
MinimumVisualStudioVersion = 10.0.40219.1
Project("{FAE04EC0-301F-11D3-BF4B-00C04F79EFBC}") = "automapper-example", "automapper-example.csproj", "{20EE3528-8480-4CD7-8956-9E0E3F823DE0}"
EndProject
Global
	GlobalSection(SolutionConfigurationPlatforms) = preSolution
		Debug|Any CPU = Debug|Any CPU
		Release|Any CPU = Release|Any CPU
	EndGlobalSection
	GlobalSection(ProjectConfigurationPlatforms) = postSolution
		{20EE3528-8480-4CD7-8956-9E0E3F823DE0}.Debug|Any CPU.ActiveCfg = Debug|Any CPU
		{20EE3528-8480-4CD7-8956-9E0E3F823DE0}.Debug|Any CPU.Build.0 = Debug|Any CPU
		{20EE3528-8480-4CD7-8956-9E0E3F823DE0}.Release|Any CPU.ActiveCfg = Release|Any CPU
		{20EE3528-8480-4CD7-8956-9E0E3F823DE0}.Release|Any CPU.Build.0 = Release|Any CPU
	EndGlobalSection
	GlobalSection(SolutionProperties) = preSolution
		HideSolutionNode = FALSE
	EndGlobalSection
	GlobalSection(ExtensibilityGlobals) = postSolution
		SolutionGuid = {8E3E32BE-1AF8-48C6-ABD1-D5C049CB9825}
	EndGlobalSection
EndGlobal
